
Microsoft Visual Studio Solution File, Format Version 12.00
# Visual Studio 14
VisualStudioVersion = 14.0.23107.0
MinimumVisualStudioVersion = 10.0.40219.1
Project("{8BC9CEB8-8B4A-11D0-8D11-00A0C91BC942}") = "E1 - Date", "E1 - Date\E1 - Date.vcxproj", "{80DFD8B5-B0F0-4A99-A6E3-CF509B859356}"
EndProject
Project("{8BC9CEB8-8B4A-11D0-8D11-00A0C91BC942}") = "E1 - Palindrome", "E1 - Palindrome\E1 - Palindrome.vcxproj", "{ADAF46EB-D192-49EB-8C62-957EC9FBF6FF}"
EndProject
Project("{8BC9CEB8-8B4A-11D0-8D11-00A0C91BC942}") = "E1 - Point", "E1 - Point\E1 - Point.vcxproj", "{EE4932F9-167E-453F-85E2-F0E32EE86902}"
EndProject
Project("{8BC9CEB8-8B4A-11D0-8D11-00A0C91BC942}") = "E1 - Sizetest", "E1 - Sizetest\E1 - Sizetest.vcxproj", "{2958347F-09CE-42E2-9E69-175865507E5E}"
EndProject
Project("{8BC9CEB8-8B4A-11D0-8D11-00A0C91BC942}") = "E2 - Memerrortest", "E2 - Memerrortest\E2 - Memerrortest.vcxproj", "{EF83EE0F-D02A-4E41-86C1-C9EAF331A6C5}"
EndProject
Project("{8BC9CEB8-8B4A-11D0-8D11-00A0C91BC942}") = "E2 - Morsecode", "E2 - Morsecode\E2 - Morsecode.vcxproj", "{024D425A-579B-4FCC-A331-9EE37BEC5338}"
EndProject
Project("{8BC9CEB8-8B4A-11D0-8D11-00A0C91BC942}") = "E2 - Editor", "E2 - Editor\E2 - Editor.vcxproj", "{9EDFB9D8-5484-49B7-B2EE-41659E146343}"
EndProject
Project("{8BC9CEB8-8B4A-11D0-8D11-00A0C91BC942}") = "E3 - Countobj", "E3 - Countobj\E3 - Countobj.vcxproj", "{99CDE938-BE0A-47EF-AF0C-96E4B423EE79}"
EndProject
Project("{8BC9CEB8-8B4A-11D0-8D11-00A0C91BC942}") = "E3 - Svector", "E3 - Svector\E3 - Svector.vcxproj", "{5F867434-1246-4CF3-B238-611BB1FF8D1A}"
EndProject
Project("{8BC9CEB8-8B4A-11D0-8D11-00A0C91BC942}") = "E3 - Bitbuffer", "E3 - Bitbuffer\E3 - Bitbuffer.vcxproj", "{1DD4730C-9445-4B7C-8464-FC92DBA3AA36}"
EndProject
Project("{8BC9CEB8-8B4A-11D0-8D11-00A0C91BC942}") = "E3 - Crypto", "E3 - Crypto\E3 - Crypto.vcxproj", "{FAD6D111-44D8-4059-B397-AE92F8B7CD10}"
EndProject
Project("{8BC9CEB8-8B4A-11D0-8D11-00A0C91BC942}") = "E4 - Rationaltest", "E4 - Rationaltest\E4 - Rationaltest.vcxproj", "{8CFDBCE3-F984-4D79-ABEF-C6E87AACDE0F}"
EndProject
Project("{8BC9CEB8-8B4A-11D0-8D11-00A0C91BC942}") = "E4 - Shapetest", "E4 - Shapetest\E4 - Shapetest.vcxproj", "{1860A5B6-EFC1-4B96-9AB2-E3CC9AA8BE95}"
EndProject
Project("{8BC9CEB8-8B4A-11D0-8D11-00A0C91BC942}") = "E4 - Shapevectortest", "E4 - Shapevectortest\E4 - Shapevectortest.vcxproj", "{FD6DFD6D-ABDE-4832-9336-9D843CB809ED}"
EndProject
Project("{8BC9CEB8-8B4A-11D0-8D11-00A0C91BC942}") = "E5 - Texttest", "E5 - Texttest\E5 - Texttest.vcxproj", "{A694A997-3A81-46F1-85E9-F60BCA1F8126}"
EndProject
Project("{8BC9CEB8-8B4A-11D0-8D11-00A0C91BC942}") = "E5 - Personsorttest", "E5 - Personsorttest\E5 - Personsorttest.vcxproj", "{A75478A8-C89F-45FD-86A0-BFEA18B99172}"
EndProject
Project("{8BC9CEB8-8B4A-11D0-8D11-00A0C91BC942}") = "E5 - Sortwords", "E5 - Sortwords\E5 - Sortwords.vcxproj", "{52D37725-BF48-4140-868A-AEB07AC34A8F}"
EndProject
Global
	GlobalSection(SolutionConfigurationPlatforms) = preSolution
		Debug|x64 = Debug|x64
		Debug|x86 = Debug|x86
		Release|x64 = Release|x64
		Release|x86 = Release|x86
	EndGlobalSection
	GlobalSection(ProjectConfigurationPlatforms) = postSolution
		{80DFD8B5-B0F0-4A99-A6E3-CF509B859356}.Debug|x64.ActiveCfg = Debug|x64
		{80DFD8B5-B0F0-4A99-A6E3-CF509B859356}.Debug|x64.Build.0 = Debug|x64
		{80DFD8B5-B0F0-4A99-A6E3-CF509B859356}.Debug|x86.ActiveCfg = Debug|Win32
		{80DFD8B5-B0F0-4A99-A6E3-CF509B859356}.Debug|x86.Build.0 = Debug|Win32
		{80DFD8B5-B0F0-4A99-A6E3-CF509B859356}.Release|x64.ActiveCfg = Release|x64
		{80DFD8B5-B0F0-4A99-A6E3-CF509B859356}.Release|x64.Build.0 = Release|x64
		{80DFD8B5-B0F0-4A99-A6E3-CF509B859356}.Release|x86.ActiveCfg = Release|Win32
		{80DFD8B5-B0F0-4A99-A6E3-CF509B859356}.Release|x86.Build.0 = Release|Win32
		{ADAF46EB-D192-49EB-8C62-957EC9FBF6FF}.Debug|x64.ActiveCfg = Debug|x64
		{ADAF46EB-D192-49EB-8C62-957EC9FBF6FF}.Debug|x64.Build.0 = Debug|x64
		{ADAF46EB-D192-49EB-8C62-957EC9FBF6FF}.Debug|x86.ActiveCfg = Debug|Win32
		{ADAF46EB-D192-49EB-8C62-957EC9FBF6FF}.Debug|x86.Build.0 = Debug|Win32
		{ADAF46EB-D192-49EB-8C62-957EC9FBF6FF}.Release|x64.ActiveCfg = Release|x64
		{ADAF46EB-D192-49EB-8C62-957EC9FBF6FF}.Release|x64.Build.0 = Release|x64
		{ADAF46EB-D192-49EB-8C62-957EC9FBF6FF}.Release|x86.ActiveCfg = Release|Win32
		{ADAF46EB-D192-49EB-8C62-957EC9FBF6FF}.Release|x86.Build.0 = Release|Win32
		{EE4932F9-167E-453F-85E2-F0E32EE86902}.Debug|x64.ActiveCfg = Debug|x64
		{EE4932F9-167E-453F-85E2-F0E32EE86902}.Debug|x64.Build.0 = Debug|x64
		{EE4932F9-167E-453F-85E2-F0E32EE86902}.Debug|x86.ActiveCfg = Debug|Win32
		{EE4932F9-167E-453F-85E2-F0E32EE86902}.Debug|x86.Build.0 = Debug|Win32
		{EE4932F9-167E-453F-85E2-F0E32EE86902}.Release|x64.ActiveCfg = Release|x64
		{EE4932F9-167E-453F-85E2-F0E32EE86902}.Release|x64.Build.0 = Release|x64
		{EE4932F9-167E-453F-85E2-F0E32EE86902}.Release|x86.ActiveCfg = Release|Win32
		{EE4932F9-167E-453F-85E2-F0E32EE86902}.Release|x86.Build.0 = Release|Win32
		{2958347F-09CE-42E2-9E69-175865507E5E}.Debug|x64.ActiveCfg = Debug|x64
		{2958347F-09CE-42E2-9E69-175865507E5E}.Debug|x64.Build.0 = Debug|x64
		{2958347F-09CE-42E2-9E69-175865507E5E}.Debug|x86.ActiveCfg = Debug|Win32
		{2958347F-09CE-42E2-9E69-175865507E5E}.Debug|x86.Build.0 = Debug|Win32
		{2958347F-09CE-42E2-9E69-175865507E5E}.Release|x64.ActiveCfg = Release|x64
		{2958347F-09CE-42E2-9E69-175865507E5E}.Release|x64.Build.0 = Release|x64
		{2958347F-09CE-42E2-9E69-175865507E5E}.Release|x86.ActiveCfg = Release|Win32
		{2958347F-09CE-42E2-9E69-175865507E5E}.Release|x86.Build.0 = Release|Win32
		{EF83EE0F-D02A-4E41-86C1-C9EAF331A6C5}.Debug|x64.ActiveCfg = Debug|x64
		{EF83EE0F-D02A-4E41-86C1-C9EAF331A6C5}.Debug|x64.Build.0 = Debug|x64
		{EF83EE0F-D02A-4E41-86C1-C9EAF331A6C5}.Debug|x86.ActiveCfg = Debug|Win32
		{EF83EE0F-D02A-4E41-86C1-C9EAF331A6C5}.Debug|x86.Build.0 = Debug|Win32
		{EF83EE0F-D02A-4E41-86C1-C9EAF331A6C5}.Release|x64.ActiveCfg = Release|x64
		{EF83EE0F-D02A-4E41-86C1-C9EAF331A6C5}.Release|x64.Build.0 = Release|x64
		{EF83EE0F-D02A-4E41-86C1-C9EAF331A6C5}.Release|x86.ActiveCfg = Release|Win32
		{EF83EE0F-D02A-4E41-86C1-C9EAF331A6C5}.Release|x86.Build.0 = Release|Win32
		{024D425A-579B-4FCC-A331-9EE37BEC5338}.Debug|x64.ActiveCfg = Debug|x64
		{024D425A-579B-4FCC-A331-9EE37BEC5338}.Debug|x64.Build.0 = Debug|x64
		{024D425A-579B-4FCC-A331-9EE37BEC5338}.Debug|x86.ActiveCfg = Debug|Win32
		{024D425A-579B-4FCC-A331-9EE37BEC5338}.Debug|x86.Build.0 = Debug|Win32
		{024D425A-579B-4FCC-A331-9EE37BEC5338}.Release|x64.ActiveCfg = Release|x64
		{024D425A-579B-4FCC-A331-9EE37BEC5338}.Release|x64.Build.0 = Release|x64
		{024D425A-579B-4FCC-A331-9EE37BEC5338}.Release|x86.ActiveCfg = Release|Win32
		{024D425A-579B-4FCC-A331-9EE37BEC5338}.Release|x86.Build.0 = Release|Win32
		{9EDFB9D8-5484-49B7-B2EE-41659E146343}.Debug|x64.ActiveCfg = Debug|x64
		{9EDFB9D8-5484-49B7-B2EE-41659E146343}.Debug|x64.Build.0 = Debug|x64
		{9EDFB9D8-5484-49B7-B2EE-41659E146343}.Debug|x86.ActiveCfg = Debug|Win32
		{9EDFB9D8-5484-49B7-B2EE-41659E146343}.Debug|x86.Build.0 = Debug|Win32
		{9EDFB9D8-5484-49B7-B2EE-41659E146343}.Release|x64.ActiveCfg = Release|x64
		{9EDFB9D8-5484-49B7-B2EE-41659E146343}.Release|x64.Build.0 = Release|x64
		{9EDFB9D8-5484-49B7-B2EE-41659E146343}.Release|x86.ActiveCfg = Release|Win32
		{9EDFB9D8-5484-49B7-B2EE-41659E146343}.Release|x86.Build.0 = Release|Win32
		{99CDE938-BE0A-47EF-AF0C-96E4B423EE79}.Debug|x64.ActiveCfg = Debug|x64
		{99CDE938-BE0A-47EF-AF0C-96E4B423EE79}.Debug|x64.Build.0 = Debug|x64
		{99CDE938-BE0A-47EF-AF0C-96E4B423EE79}.Debug|x86.ActiveCfg = Debug|Win32
		{99CDE938-BE0A-47EF-AF0C-96E4B423EE79}.Debug|x86.Build.0 = Debug|Win32
		{99CDE938-BE0A-47EF-AF0C-96E4B423EE79}.Release|x64.ActiveCfg = Release|x64
		{99CDE938-BE0A-47EF-AF0C-96E4B423EE79}.Release|x64.Build.0 = Release|x64
		{99CDE938-BE0A-47EF-AF0C-96E4B423EE79}.Release|x86.ActiveCfg = Release|Win32
		{99CDE938-BE0A-47EF-AF0C-96E4B423EE79}.Release|x86.Build.0 = Release|Win32
		{5F867434-1246-4CF3-B238-611BB1FF8D1A}.Debug|x64.ActiveCfg = Debug|x64
		{5F867434-1246-4CF3-B238-611BB1FF8D1A}.Debug|x64.Build.0 = Debug|x64
		{5F867434-1246-4CF3-B238-611BB1FF8D1A}.Debug|x86.ActiveCfg = Debug|Win32
		{5F867434-1246-4CF3-B238-611BB1FF8D1A}.Debug|x86.Build.0 = Debug|Win32
		{5F867434-1246-4CF3-B238-611BB1FF8D1A}.Release|x64.ActiveCfg = Release|x64
		{5F867434-1246-4CF3-B238-611BB1FF8D1A}.Release|x64.Build.0 = Release|x64
		{5F867434-1246-4CF3-B238-611BB1FF8D1A}.Release|x86.ActiveCfg = Release|Win32
		{5F867434-1246-4CF3-B238-611BB1FF8D1A}.Release|x86.Build.0 = Release|Win32
		{1DD4730C-9445-4B7C-8464-FC92DBA3AA36}.Debug|x64.ActiveCfg = Debug|x64
		{1DD4730C-9445-4B7C-8464-FC92DBA3AA36}.Debug|x64.Build.0 = Debug|x64
		{1DD4730C-9445-4B7C-8464-FC92DBA3AA36}.Debug|x86.ActiveCfg = Debug|Win32
		{1DD4730C-9445-4B7C-8464-FC92DBA3AA36}.Debug|x86.Build.0 = Debug|Win32
		{1DD4730C-9445-4B7C-8464-FC92DBA3AA36}.Release|x64.ActiveCfg = Release|x64
		{1DD4730C-9445-4B7C-8464-FC92DBA3AA36}.Release|x64.Build.0 = Release|x64
		{1DD4730C-9445-4B7C-8464-FC92DBA3AA36}.Release|x86.ActiveCfg = Release|Win32
		{1DD4730C-9445-4B7C-8464-FC92DBA3AA36}.Release|x86.Build.0 = Release|Win32
		{FAD6D111-44D8-4059-B397-AE92F8B7CD10}.Debug|x64.ActiveCfg = Debug|x64
		{FAD6D111-44D8-4059-B397-AE92F8B7CD10}.Debug|x64.Build.0 = Debug|x64
		{FAD6D111-44D8-4059-B397-AE92F8B7CD10}.Debug|x86.ActiveCfg = Debug|Win32
		{FAD6D111-44D8-4059-B397-AE92F8B7CD10}.Debug|x86.Build.0 = Debug|Win32
		{FAD6D111-44D8-4059-B397-AE92F8B7CD10}.Release|x64.ActiveCfg = Release|x64
		{FAD6D111-44D8-4059-B397-AE92F8B7CD10}.Release|x64.Build.0 = Release|x64
		{FAD6D111-44D8-4059-B397-AE92F8B7CD10}.Release|x86.ActiveCfg = Release|Win32
		{FAD6D111-44D8-4059-B397-AE92F8B7CD10}.Release|x86.Build.0 = Release|Win32
		{8CFDBCE3-F984-4D79-ABEF-C6E87AACDE0F}.Debug|x64.ActiveCfg = Debug|x64
		{8CFDBCE3-F984-4D79-ABEF-C6E87AACDE0F}.Debug|x64.Build.0 = Debug|x64
		{8CFDBCE3-F984-4D79-ABEF-C6E87AACDE0F}.Debug|x86.ActiveCfg = Debug|Win32
		{8CFDBCE3-F984-4D79-ABEF-C6E87AACDE0F}.Debug|x86.Build.0 = Debug|Win32
		{8CFDBCE3-F984-4D79-ABEF-C6E87AACDE0F}.Release|x64.ActiveCfg = Release|x64
		{8CFDBCE3-F984-4D79-ABEF-C6E87AACDE0F}.Release|x64.Build.0 = Release|x64
		{8CFDBCE3-F984-4D79-ABEF-C6E87AACDE0F}.Release|x86.ActiveCfg = Release|Win32
		{8CFDBCE3-F984-4D79-ABEF-C6E87AACDE0F}.Release|x86.Build.0 = Release|Win32
		{1860A5B6-EFC1-4B96-9AB2-E3CC9AA8BE95}.Debug|x64.ActiveCfg = Debug|x64
		{1860A5B6-EFC1-4B96-9AB2-E3CC9AA8BE95}.Debug|x64.Build.0 = Debug|x64
		{1860A5B6-EFC1-4B96-9AB2-E3CC9AA8BE95}.Debug|x86.ActiveCfg = Debug|Win32
		{1860A5B6-EFC1-4B96-9AB2-E3CC9AA8BE95}.Debug|x86.Build.0 = Debug|Win32
		{1860A5B6-EFC1-4B96-9AB2-E3CC9AA8BE95}.Release|x64.ActiveCfg = Release|x64
		{1860A5B6-EFC1-4B96-9AB2-E3CC9AA8BE95}.Release|x64.Build.0 = Release|x64
		{1860A5B6-EFC1-4B96-9AB2-E3CC9AA8BE95}.Release|x86.ActiveCfg = Release|Win32
		{1860A5B6-EFC1-4B96-9AB2-E3CC9AA8BE95}.Release|x86.Build.0 = Release|Win32
		{FD6DFD6D-ABDE-4832-9336-9D843CB809ED}.Debug|x64.ActiveCfg = Debug|x64
		{FD6DFD6D-ABDE-4832-9336-9D843CB809ED}.Debug|x64.Build.0 = Debug|x64
		{FD6DFD6D-ABDE-4832-9336-9D843CB809ED}.Debug|x86.ActiveCfg = Debug|Win32
		{FD6DFD6D-ABDE-4832-9336-9D843CB809ED}.Debug|x86.Build.0 = Debug|Win32
		{FD6DFD6D-ABDE-4832-9336-9D843CB809ED}.Release|x64.ActiveCfg = Release|x64
		{FD6DFD6D-ABDE-4832-9336-9D843CB809ED}.Release|x64.Build.0 = Release|x64
		{FD6DFD6D-ABDE-4832-9336-9D843CB809ED}.Release|x86.ActiveCfg = Release|Win32
		{FD6DFD6D-ABDE-4832-9336-9D843CB809ED}.Release|x86.Build.0 = Release|Win32
		{A694A997-3A81-46F1-85E9-F60BCA1F8126}.Debug|x64.ActiveCfg = Debug|x64
		{A694A997-3A81-46F1-85E9-F60BCA1F8126}.Debug|x64.Build.0 = Debug|x64
		{A694A997-3A81-46F1-85E9-F60BCA1F8126}.Debug|x86.ActiveCfg = Debug|Win32
		{A694A997-3A81-46F1-85E9-F60BCA1F8126}.Debug|x86.Build.0 = Debug|Win32
		{A694A997-3A81-46F1-85E9-F60BCA1F8126}.Release|x64.ActiveCfg = Release|x64
		{A694A997-3A81-46F1-85E9-F60BCA1F8126}.Release|x64.Build.0 = Release|x64
		{A694A997-3A81-46F1-85E9-F60BCA1F8126}.Release|x86.ActiveCfg = Release|Win32
		{A694A997-3A81-46F1-85E9-F60BCA1F8126}.Release|x86.Build.0 = Release|Win32
		{A75478A8-C89F-45FD-86A0-BFEA18B99172}.Debug|x64.ActiveCfg = Debug|x64
		{A75478A8-C89F-45FD-86A0-BFEA18B99172}.Debug|x64.Build.0 = Debug|x64
		{A75478A8-C89F-45FD-86A0-BFEA18B99172}.Debug|x86.ActiveCfg = Debug|Win32
		{A75478A8-C89F-45FD-86A0-BFEA18B99172}.Debug|x86.Build.0 = Debug|Win32
		{A75478A8-C89F-45FD-86A0-BFEA18B99172}.Release|x64.ActiveCfg = Release|x64
		{A75478A8-C89F-45FD-86A0-BFEA18B99172}.Release|x64.Build.0 = Release|x64
		{A75478A8-C89F-45FD-86A0-BFEA18B99172}.Release|x86.ActiveCfg = Release|Win32
		{A75478A8-C89F-45FD-86A0-BFEA18B99172}.Release|x86.Build.0 = Release|Win32
		{52D37725-BF48-4140-868A-AEB07AC34A8F}.Debug|x64.ActiveCfg = Debug|x64
		{52D37725-BF48-4140-868A-AEB07AC34A8F}.Debug|x64.Build.0 = Debug|x64
		{52D37725-BF48-4140-868A-AEB07AC34A8F}.Debug|x86.ActiveCfg = Debug|Win32
		{52D37725-BF48-4140-868A-AEB07AC34A8F}.Debug|x86.Build.0 = Debug|Win32
		{52D37725-BF48-4140-868A-AEB07AC34A8F}.Release|x64.ActiveCfg = Release|x64
		{52D37725-BF48-4140-868A-AEB07AC34A8F}.Release|x64.Build.0 = Release|x64
		{52D37725-BF48-4140-868A-AEB07AC34A8F}.Release|x86.ActiveCfg = Release|Win32
		{52D37725-BF48-4140-868A-AEB07AC34A8F}.Release|x86.Build.0 = Release|Win32
	EndGlobalSection
	GlobalSection(SolutionProperties) = preSolution
		HideSolutionNode = FALSE
	EndGlobalSection
EndGlobal
